
Microsoft Visual Studio Solution File, Format Version 12.00
# Visual Studio Version 17
VisualStudioVersion = 17.1.31911.260
MinimumVisualStudioVersion = 10.0.40219.1
Project("{FAE04EC0-301F-11D3-BF4B-00C04F79EFBC}") = "altv-native-generator", "altv-native-generator\altv-native-generator.csproj", "{58345729-0CF1-4A26-BBB6-2824698CB373}"
EndProject
Global
	GlobalSection(SolutionConfigurationPlatforms) = preSolution
		Debug|Any CPU = Debug|Any CPU
		Release|Any CPU = Release|Any CPU
	EndGlobalSection
	GlobalSection(ProjectConfigurationPlatforms) = postSolution
		{58345729-0CF1-4A26-BBB6-2824698CB373}.Debug|Any CPU.ActiveCfg = Debug|Any CPU
		{58345729-0CF1-4A26-BBB6-2824698CB373}.Debug|Any CPU.Build.0 = Debug|Any CPU
		{58345729-0CF1-4A26-BBB6-2824698CB373}.Release|Any CPU.ActiveCfg = Release|Any CPU
		{58345729-0CF1-4A26-BBB6-2824698CB373}.Release|Any CPU.Build.0 = Release|Any CPU
	EndGlobalSection
	GlobalSection(SolutionProperties) = preSolution
		HideSolutionNode = FALSE
	EndGlobalSection
	GlobalSection(ExtensibilityGlobals) = postSolution
		SolutionGuid = {D79F0FE4-6802-4651-AA06-B7D0D770BBC2}
	EndGlobalSection
EndGlobal
